
Microsoft Visual Studio Solution File, Format Version 12.00
# Visual Studio Version 17
VisualStudioVersion = 17.2.32616.157
MinimumVisualStudioVersion = 10.0.40219.1
Project("{FAE04EC0-301F-11D3-BF4B-00C04F79EFBC}") = "Selenium App", "Selenium App.csproj", "{7769923A-79DF-4BAF-B4CE-4B15A18E1DD5}"
EndProject
Global
	GlobalSection(SolutionConfigurationPlatforms) = preSolution
		Debug|Any CPU = Debug|Any CPU
		Release|Any CPU = Release|Any CPU
	EndGlobalSection
	GlobalSection(ProjectConfigurationPlatforms) = postSolution
		{7769923A-79DF-4BAF-B4CE-4B15A18E1DD5}.Debug|Any CPU.ActiveCfg = Debug|Any CPU
		{7769923A-79DF-4BAF-B4CE-4B15A18E1DD5}.Debug|Any CPU.Build.0 = Debug|Any CPU
		{7769923A-79DF-4BAF-B4CE-4B15A18E1DD5}.Release|Any CPU.ActiveCfg = Release|Any CPU
		{7769923A-79DF-4BAF-B4CE-4B15A18E1DD5}.Release|Any CPU.Build.0 = Release|Any CPU
	EndGlobalSection
	GlobalSection(SolutionProperties) = preSolution
		HideSolutionNode = FALSE
	EndGlobalSection
	GlobalSection(ExtensibilityGlobals) = postSolution
		SolutionGuid = {122C72D0-4FB0-4891-9AD2-311F05D10965}
	EndGlobalSection
EndGlobal
